// !$*UTF8*$!
{
	archiveVersion = 1;
	classes = {
	};
	objectVersion = 50;
	objects = {

/* Begin PBXBuildFile section */
		8C3A620925E410DC0070DB6F /* SimpleListItemView.swift in Sources */ = {isa = PBXBuildFile; fileRef = 8C3A620825E410DC0070DB6F /* SimpleListItemView.swift */; };
		8C75668425E414D9006F804D /* SongDetailView.swift in Sources */ = {isa = PBXBuildFile; fileRef = 8C75668325E414D9006F804D /* SongDetailView.swift */; };
		8C75668725E4150B006F804D /* RemoteImageView.swift in Sources */ = {isa = PBXBuildFile; fileRef = 8C75668625E4150B006F804D /* RemoteImageView.swift */; };
		8C75668A25E4151B006F804D /* RemoteAudioView.swift in Sources */ = {isa = PBXBuildFile; fileRef = 8C75668925E4151B006F804D /* RemoteAudioView.swift */; };
		8CD4E9B525E158DD00546797 /* SongBrowserApp.swift in Sources */ = {isa = PBXBuildFile; fileRef = 8CD4E9B425E158DD00546797 /* SongBrowserApp.swift */; };
		8CD4E9B725E158DD00546797 /* ContentView.swift in Sources */ = {isa = PBXBuildFile; fileRef = 8CD4E9B625E158DD00546797 /* ContentView.swift */; };
		8CD4E9B925E158EB00546797 /* Assets.xcassets in Resources */ = {isa = PBXBuildFile; fileRef = 8CD4E9B825E158EB00546797 /* Assets.xcassets */; };
		8CD4E9BC25E158EB00546797 /* Preview Assets.xcassets in Resources */ = {isa = PBXBuildFile; fileRef = 8CD4E9BB25E158EB00546797 /* Preview Assets.xcassets */; };
		8CD4E9C525E159B600546797 /* SearchBarView.swift in Sources */ = {isa = PBXBuildFile; fileRef = 8CD4E9C425E159B600546797 /* SearchBarView.swift */; };
		8CD4E9CA25E15E1800546797 /* Song.swift in Sources */ = {isa = PBXBuildFile; fileRef = 8CD4E9C925E15E1800546797 /* Song.swift */; };
		8CD4E9CD25E15E9800546797 /* SearchResult.swift in Sources */ = {isa = PBXBuildFile; fileRef = 8CD4E9CC25E15E9800546797 /* SearchResult.swift */; };
/* End PBXBuildFile section */

/* Begin PBXFileReference section */
		8C3A620825E410DC0070DB6F /* SimpleListItemView.swift */ = {isa = PBXFileReference; lastKnownFileType = sourcecode.swift; path = SimpleListItemView.swift; sourceTree = "<group>"; };
		8C75668325E414D9006F804D /* SongDetailView.swift */ = {isa = PBXFileReference; lastKnownFileType = sourcecode.swift; path = SongDetailView.swift; sourceTree = "<group>"; };
		8C75668625E4150B006F804D /* RemoteImageView.swift */ = {isa = PBXFileReference; lastKnownFileType = sourcecode.swift; path = RemoteImageView.swift; sourceTree = "<group>"; };
		8C75668925E4151B006F804D /* RemoteAudioView.swift */ = {isa = PBXFileReference; lastKnownFileType = sourcecode.swift; path = RemoteAudioView.swift; sourceTree = "<group>"; };
		8CD4E9B125E158DC00546797 /* SongBrowser.app */ = {isa = PBXFileReference; explicitFileType = wrapper.application; includeInIndex = 0; path = SongBrowser.app; sourceTree = BUILT_PRODUCTS_DIR; };
		8CD4E9B425E158DD00546797 /* SongBrowserApp.swift */ = {isa = PBXFileReference; lastKnownFileType = sourcecode.swift; path = SongBrowserApp.swift; sourceTree = "<group>"; };
		8CD4E9B625E158DD00546797 /* ContentView.swift */ = {isa = PBXFileReference; lastKnownFileType = sourcecode.swift; path = ContentView.swift; sourceTree = "<group>"; };
		8CD4E9B825E158EB00546797 /* Assets.xcassets */ = {isa = PBXFileReference; lastKnownFileType = folder.assetcatalog; path = Assets.xcassets; sourceTree = "<group>"; };
		8CD4E9BB25E158EB00546797 /* Preview Assets.xcassets */ = {isa = PBXFileReference; lastKnownFileType = folder.assetcatalog; path = "Preview Assets.xcassets"; sourceTree = "<group>"; };
		8CD4E9BD25E158EB00546797 /* Info.plist */ = {isa = PBXFileReference; lastKnownFileType = text.plist.xml; path = Info.plist; sourceTree = "<group>"; };
		8CD4E9C425E159B600546797 /* SearchBarView.swift */ = {isa = PBXFileReference; lastKnownFileType = sourcecode.swift; path = SearchBarView.swift; sourceTree = "<group>"; };
		8CD4E9C925E15E1800546797 /* Song.swift */ = {isa = PBXFileReference; lastKnownFileType = sourcecode.swift; path = Song.swift; sourceTree = "<group>"; };
		8CD4E9CC25E15E9800546797 /* SearchResult.swift */ = {isa = PBXFileReference; lastKnownFileType = sourcecode.swift; path = SearchResult.swift; sourceTree = "<group>"; };
/* End PBXFileReference section */

/* Begin PBXFrameworksBuildPhase section */
		8CD4E9AE25E158DC00546797 /* Frameworks */ = {
			isa = PBXFrameworksBuildPhase;
			buildActionMask = 2147483647;
			files = (
			);
			runOnlyForDeploymentPostprocessing = 0;
		};
/* End PBXFrameworksBuildPhase section */

/* Begin PBXGroup section */
		8CD4E9A825E158DC00546797 = {
			isa = PBXGroup;
			children = (
				8CD4E9B325E158DC00546797 /* SongBrowser */,
				8CD4E9B225E158DC00546797 /* Products */,
			);
			sourceTree = "<group>";
		};
		8CD4E9B225E158DC00546797 /* Products */ = {
			isa = PBXGroup;
			children = (
				8CD4E9B125E158DC00546797 /* SongBrowser.app */,
			);
			name = Products;
			sourceTree = "<group>";
		};
		8CD4E9B325E158DC00546797 /* SongBrowser */ = {
			isa = PBXGroup;
			children = (
				8CD4E9C825E15DE700546797 /* Model */,
				8CD4E9B425E158DD00546797 /* SongBrowserApp.swift */,
				8CD4E9C725E15DCA00546797 /* Views */,
				8CD4E9B825E158EB00546797 /* Assets.xcassets */,
				8CD4E9BD25E158EB00546797 /* Info.plist */,
				8CD4E9BA25E158EB00546797 /* Preview Content */,
			);
			path = SongBrowser;
			sourceTree = "<group>";
		};
		8CD4E9BA25E158EB00546797 /* Preview Content */ = {
			isa = PBXGroup;
			children = (
				8CD4E9BB25E158EB00546797 /* Preview Assets.xcassets */,
			);
			path = "Preview Content";
			sourceTree = "<group>";
		};
		8CD4E9C725E15DCA00546797 /* Views */ = {
			isa = PBXGroup;
			children = (
				8CD4E9C425E159B600546797 /* SearchBarView.swift */,
				8CD4E9B625E158DD00546797 /* ContentView.swift */,
				8C3A620825E410DC0070DB6F /* SimpleListItemView.swift */,
				8C75668325E414D9006F804D /* SongDetailView.swift */,
				8C75668625E4150B006F804D /* RemoteImageView.swift */,
				8C75668925E4151B006F804D /* RemoteAudioView.swift */,
			);
			path = Views;
			sourceTree = "<group>";
		};
		8CD4E9C825E15DE700546797 /* Model */ = {
			isa = PBXGroup;
			children = (
				8CD4E9C925E15E1800546797 /* Song.swift */,
				8CD4E9CC25E15E9800546797 /* SearchResult.swift */,
			);
			path = Model;
			sourceTree = "<group>";
		};
/* End PBXGroup section */

/* Begin PBXNativeTarget section */
		8CD4E9B025E158DC00546797 /* SongBrowser */ = {
			isa = PBXNativeTarget;
			buildConfigurationList = 8CD4E9C025E158EB00546797 /* Build configuration list for PBXNativeTarget "SongBrowser" */;
			buildPhases = (
				8CD4E9AD25E158DC00546797 /* Sources */,
				8CD4E9AE25E158DC00546797 /* Frameworks */,
				8CD4E9AF25E158DC00546797 /* Resources */,
			);
			buildRules = (
			);
			dependencies = (
			);
			name = SongBrowser;
			productName = SongBrowser;
			productReference = 8CD4E9B125E158DC00546797 /* SongBrowser.app */;
			productType = "com.apple.product-type.application";
		};
/* End PBXNativeTarget section */

/* Begin PBXProject section */
		8CD4E9A925E158DC00546797 /* Project object */ = {
			isa = PBXProject;
			attributes = {
				LastSwiftUpdateCheck = 1240;
				LastUpgradeCheck = 1240;
				TargetAttributes = {
					8CD4E9B025E158DC00546797 = {
						CreatedOnToolsVersion = 12.4;
					};
				};
			};
			buildConfigurationList = 8CD4E9AC25E158DC00546797 /* Build configuration list for PBXProject "SongBrowser" */;
			compatibilityVersion = "Xcode 9.3";
			developmentRegion = en;
			hasScannedForEncodings = 0;
			knownRegions = (
				en,
				Base,
			);
			mainGroup = 8CD4E9A825E158DC00546797;
			productRefGroup = 8CD4E9B225E158DC00546797 /* Products */;
			projectDirPath = "";
			projectRoot = "";
			targets = (
				8CD4E9B025E158DC00546797 /* SongBrowser */,
			);
		};
/* End PBXProject section */

/* Begin PBXResourcesBuildPhase section */
		8CD4E9AF25E158DC00546797 /* Resources */ = {
			isa = PBXResourcesBuildPhase;
			buildActionMask = 2147483647;
			files = (
				8CD4E9BC25E158EB00546797 /* Preview Assets.xcassets in Resources */,
				8CD4E9B925E158EB00546797 /* Assets.xcassets in Resources */,
			);
			runOnlyForDeploymentPostprocessing = 0;
		};
/* End PBXResourcesBuildPhase section */

/* Begin PBXSourcesBuildPhase section */
		8CD4E9AD25E158DC00546797 /* Sources */ = {
			isa = PBXSourcesBuildPhase;
			buildActionMask = 2147483647;
			files = (
				8C75668425E414D9006F804D /* SongDetailView.swift in Sources */,
				8CD4E9CA25E15E1800546797 /* Song.swift in Sources */,
				8C75668725E4150B006F804D /* RemoteImageView.swift in Sources */,
				8CD4E9B725E158DD00546797 /* ContentView.swift in Sources */,
				8CD4E9CD25E15E9800546797 /* SearchResult.swift in Sources */,
				8CD4E9C525E159B600546797 /* SearchBarView.swift in Sources */,
				8CD4E9B525E158DD00546797 /* SongBrowserApp.swift in Sources */,
				8C75668A25E4151B006F804D /* RemoteAudioView.swift in Sources */,
				8C3A620925E410DC0070DB6F /* SimpleListItemView.swift in Sources */,
			);
			runOnlyForDeploymentPostprocessing = 0;
		};
/* End PBXSourcesBuildPhase section */

/* Begin XCBuildConfiguration section */
		8CD4E9BE25E158EB00546797 /* Debug */ = {
			isa = XCBuildConfiguration;
			buildSettings = {
				ALWAYS_SEARCH_USER_PATHS = NO;
				CLANG_ANALYZER_NONNULL = YES;
				CLANG_ANALYZER_NUMBER_OBJECT_CONVERSION = YES_AGGRESSIVE;
				CLANG_CXX_LANGUAGE_STANDARD = "gnu++14";
				CLANG_CXX_LIBRARY = "libc++";
				CLANG_ENABLE_MODULES = YES;
				CLANG_ENABLE_OBJC_ARC = YES;
				CLANG_ENABLE_OBJC_WEAK = YES;
				CLANG_WARN_BLOCK_CAPTURE_AUTORELEASING = YES;
				CLANG_WARN_BOOL_CONVERSION = YES;
				CLANG_WARN_COMMA = YES;
				CLANG_WARN_CONSTANT_CONVERSION = YES;
				CLANG_WARN_DEPRECATED_OBJC_IMPLEMENTATIONS = YES;
				CLANG_WARN_DIRECT_OBJC_ISA_USAGE = YES_ERROR;
				CLANG_WARN_DOCUMENTATION_COMMENTS = YES;
				CLANG_WARN_EMPTY_BODY = YES;
				CLANG_WARN_ENUM_CONVERSION = YES;
				CLANG_WARN_INFINITE_RECURSION = YES;
				CLANG_WARN_INT_CONVERSION = YES;
				CLANG_WARN_NON_LITERAL_NULL_CONVERSION = YES;
				CLANG_WARN_OBJC_IMPLICIT_RETAIN_SELF = YES;
				CLANG_WARN_OBJC_LITERAL_CONVERSION = YES;
				CLANG_WARN_OBJC_ROOT_CLASS = YES_ERROR;
				CLANG_WARN_QUOTED_INCLUDE_IN_FRAMEWORK_HEADER = YES;
				CLANG_WARN_RANGE_LOOP_ANALYSIS = YES;
				CLANG_WARN_STRICT_PROTOTYPES = YES;
				CLANG_WARN_SUSPICIOUS_MOVE = YES;
				CLANG_WARN_UNGUARDED_AVAILABILITY = YES_AGGRESSIVE;
				CLANG_WARN_UNREACHABLE_CODE = YES;
				CLANG_WARN__DUPLICATE_METHOD_MATCH = YES;
				COPY_PHASE_STRIP = NO;
				DEBUG_INFORMATION_FORMAT = dwarf;
				ENABLE_STRICT_OBJC_MSGSEND = YES;
				ENABLE_TESTABILITY = YES;
				GCC_C_LANGUAGE_STANDARD = gnu11;
				GCC_DYNAMIC_NO_PIC = NO;
				GCC_NO_COMMON_BLOCKS = YES;
				GCC_OPTIMIZATION_LEVEL = 0;
				GCC_PREPROCESSOR_DEFINITIONS = (
					"DEBUG=1",
					"$(inherited)",
				);
				GCC_WARN_64_TO_32_BIT_CONVERSION = YES;
				GCC_WARN_ABOUT_RETURN_TYPE = YES_ERROR;
				GCC_WARN_UNDECLARED_SELECTOR = YES;
				GCC_WARN_UNINITIALIZED_AUTOS = YES_AGGRESSIVE;
				GCC_WARN_UNUSED_FUNCTION = YES;
				GCC_WARN_UNUSED_VARIABLE = YES;
				IPHONEOS_DEPLOYMENT_TARGET = 14.4;
				MTL_ENABLE_DEBUG_INFO = INCLUDE_SOURCE;
				MTL_FAST_MATH = YES;
				ONLY_ACTIVE_ARCH = YES;
				SDKROOT = iphoneos;
				SWIFT_ACTIVE_COMPILATION_CONDITIONS = DEBUG;
				SWIFT_OPTIMIZATION_LEVEL = "-Onone";
			};
			name = Debug;
		};
		8CD4E9BF25E158EB00546797 /* Release */ = {
			isa = XCBuildConfiguration;
			buildSettings = {
				ALWAYS_SEARCH_USER_PATHS = NO;
				CLANG_ANALYZER_NONNULL = YES;
				CLANG_ANALYZER_NUMBER_OBJECT_CONVERSION = YES_AGGRESSIVE;
				CLANG_CXX_LANGUAGE_STANDARD = "gnu++14";
				CLANG_CXX_LIBRARY = "libc++";
				CLANG_ENABLE_MODULES = YES;
				CLANG_ENABLE_OBJC_ARC = YES;
				CLANG_ENABLE_OBJC_WEAK = YES;
				CLANG_WARN_BLOCK_CAPTURE_AUTORELEASING = YES;
				CLANG_WARN_BOOL_CONVERSION = YES;
				CLANG_WARN_COMMA = YES;
				CLANG_WARN_CONSTANT_CONVERSION = YES;
				CLANG_WARN_DEPRECATED_OBJC_IMPLEMENTATIONS = YES;
				CLANG_WARN_DIRECT_OBJC_ISA_USAGE = YES_ERROR;
				CLANG_WARN_DOCUMENTATION_COMMENTS = YES;
				CLANG_WARN_EMPTY_BODY = YES;
				CLANG_WARN_ENUM_CONVERSION = YES;
				CLANG_WARN_INFINITE_RECURSION = YES;
				CLANG_WARN_INT_CONVERSION = YES;
				CLANG_WARN_NON_LITERAL_NULL_CONVERSION = YES;
				CLANG_WARN_OBJC_IMPLICIT_RETAIN_SELF = YES;
				CLANG_WARN_OBJC_LITERAL_CONVERSION = YES;
				CLANG_WARN_OBJC_ROOT_CLASS = YES_ERROR;
				CLANG_WARN_QUOTED_INCLUDE_IN_FRAMEWORK_HEADER = YES;
				CLANG_WARN_RANGE_LOOP_ANALYSIS = YES;
				CLANG_WARN_STRICT_PROTOTYPES = YES;
				CLANG_WARN_SUSPICIOUS_MOVE = YES;
				CLANG_WARN_UNGUARDED_AVAILABILITY = YES_AGGRESSIVE;
				CLANG_WARN_UNREACHABLE_CODE = YES;
				CLANG_WARN__DUPLICATE_METHOD_MATCH = YES;
				COPY_PHASE_STRIP = NO;
				DEBUG_INFORMATION_FORMAT = "dwarf-with-dsym";
				ENABLE_NS_ASSERTIONS = NO;
				ENABLE_STRICT_OBJC_MSGSEND = YES;
				GCC_C_LANGUAGE_STANDARD = gnu11;
				GCC_NO_COMMON_BLOCKS = YES;
				GCC_WARN_64_TO_32_BIT_CONVERSION = YES;
				GCC_WARN_ABOUT_RETURN_TYPE = YES_ERROR;
				GCC_WARN_UNDECLARED_SELECTOR = YES;
				GCC_WARN_UNINITIALIZED_AUTOS = YES_AGGRESSIVE;
				GCC_WARN_UNUSED_FUNCTION = YES;
				GCC_WARN_UNUSED_VARIABLE = YES;
				IPHONEOS_DEPLOYMENT_TARGET = 14.4;
				MTL_ENABLE_DEBUG_INFO = NO;
				MTL_FAST_MATH = YES;
				SDKROOT = iphoneos;
				SWIFT_COMPILATION_MODE = wholemodule;
				SWIFT_OPTIMIZATION_LEVEL = "-O";
				VALIDATE_PRODUCT = YES;
			};
			name = Release;
		};
		8CD4E9C125E158EB00546797 /* Debug */ = {
			isa = XCBuildConfiguration;
			buildSettings = {
				ASSETCATALOG_COMPILER_APPICON_NAME = AppIcon;
				ASSETCATALOG_COMPILER_GLOBAL_ACCENT_COLOR_NAME = AccentColor;
				CODE_SIGN_STYLE = Automatic;
				DEVELOPMENT_ASSET_PATHS = "\"SongBrowser/Preview Content\"";
				DEVELOPMENT_TEAM = 93SKHWY4QD;
				ENABLE_PREVIEWS = YES;
				INFOPLIST_FILE = SongBrowser/Info.plist;
				IPHONEOS_DEPLOYMENT_TARGET = 14.0;
				LD_RUNPATH_SEARCH_PATHS = (
					"$(inherited)",
					"@executable_path/Frameworks",
				);
				PRODUCT_BUNDLE_IDENTIFIER = ca.charleysun.SongBrowser;
				PRODUCT_NAME = "$(TARGET_NAME)";
				SWIFT_VERSION = 5.0;
				TARGETED_DEVICE_FAMILY = "1,2";
			};
			name = Debug;
		};
		8CD4E9C225E158EB00546797 /* Release */ = {
			isa = XCBuildConfiguration;
			buildSettings = {
				ASSETCATALOG_COMPILER_APPICON_NAME = AppIcon;
				ASSETCATALOG_COMPILER_GLOBAL_ACCENT_COLOR_NAME = AccentColor;
				CODE_SIGN_STYLE = Automatic;
				DEVELOPMENT_ASSET_PATHS = "\"SongBrowser/Preview Content\"";
				DEVELOPMENT_TEAM = 93SKHWY4QD;
				ENABLE_PREVIEWS = YES;
				INFOPLIST_FILE = SongBrowser/Info.plist;
				IPHONEOS_DEPLOYMENT_TARGET = 14.0;
				LD_RUNPATH_SEARCH_PATHS = (
					"$(inherited)",
					"@executable_path/Frameworks",
				);
				PRODUCT_BUNDLE_IDENTIFIER = ca.charleysun.SongBrowser;
				PRODUCT_NAME = "$(TARGET_NAME)";
				SWIFT_VERSION = 5.0;
				TARGETED_DEVICE_FAMILY = "1,2";
			};
			name = Release;
		};
/* End XCBuildConfiguration section */

/* Begin XCConfigurationList section */
		8CD4E9AC25E158DC00546797 /* Build configuration list for PBXProject "SongBrowser" */ = {
			isa = XCConfigurationList;
			buildConfigurations = (
				8CD4E9BE25E158EB00546797 /* Debug */,
				8CD4E9BF25E158EB00546797 /* Release */,
			);
			defaultConfigurationIsVisible = 0;
			defaultConfigurationName = Release;
		};
		8CD4E9C025E158EB00546797 /* Build configuration list for PBXNativeTarget "SongBrowser" */ = {
			isa = XCConfigurationList;
			buildConfigurations = (
				8CD4E9C125E158EB00546797 /* Debug */,
				8CD4E9C225E158EB00546797 /* Release */,
			);
			defaultConfigurationIsVisible = 0;
			defaultConfigurationName = Release;
		};
/* End XCConfigurationList section */
	};
	rootObject = 8CD4E9A925E158DC00546797 /* Project object */;
}
